
Microsoft Visual Studio Solution File, Format Version 12.00
# Visual Studio Version 17
VisualStudioVersion = 17.7.34009.444
MinimumVisualStudioVersion = 10.0.40219.1
Project("{FAE04EC0-301F-11D3-BF4B-00C04F79EFBC}") = "Practico1", "Practico1\Practico1.csproj", "{E50219C3-3499-4C68-AF90-DD8EFBBB5474}"
EndProject
Global
	GlobalSection(SolutionConfigurationPlatforms) = preSolution
		Debug|Any CPU = Debug|Any CPU
		Release|Any CPU = Release|Any CPU
	EndGlobalSection
	GlobalSection(ProjectConfigurationPlatforms) = postSolution
		{E50219C3-3499-4C68-AF90-DD8EFBBB5474}.Debug|Any CPU.ActiveCfg = Debug|Any CPU
		{E50219C3-3499-4C68-AF90-DD8EFBBB5474}.Debug|Any CPU.Build.0 = Debug|Any CPU
		{E50219C3-3499-4C68-AF90-DD8EFBBB5474}.Release|Any CPU.ActiveCfg = Release|Any CPU
		{E50219C3-3499-4C68-AF90-DD8EFBBB5474}.Release|Any CPU.Build.0 = Release|Any CPU
	EndGlobalSection
	GlobalSection(SolutionProperties) = preSolution
		HideSolutionNode = FALSE
	EndGlobalSection
	GlobalSection(ExtensibilityGlobals) = postSolution
		SolutionGuid = {D982F7A6-56F4-4DEA-97CF-9BFFBB14098E}
	EndGlobalSection
EndGlobal
